
Microsoft Visual Studio Solution File, Format Version 12.00
# Visual Studio Version 16
VisualStudioVersion = 16.0.31727.386
MinimumVisualStudioVersion = 10.0.40219.1
Project("{FAE04EC0-301F-11D3-BF4B-00C04F79EFBC}") = "EvolutionaryAlgorithms", "EvolutionaryAlgorithms\EvolutionaryAlgorithms.csproj", "{28CC462D-BF85-4C56-9D47-8BA614B34F5B}"
EndProject
Global
	GlobalSection(SolutionConfigurationPlatforms) = preSolution
		Debug|Any CPU = Debug|Any CPU
		Release|Any CPU = Release|Any CPU
	EndGlobalSection
	GlobalSection(ProjectConfigurationPlatforms) = postSolution
		{28CC462D-BF85-4C56-9D47-8BA614B34F5B}.Debug|Any CPU.ActiveCfg = Debug|Any CPU
		{28CC462D-BF85-4C56-9D47-8BA614B34F5B}.Debug|Any CPU.Build.0 = Debug|Any CPU
		{28CC462D-BF85-4C56-9D47-8BA614B34F5B}.Release|Any CPU.ActiveCfg = Release|Any CPU
		{28CC462D-BF85-4C56-9D47-8BA614B34F5B}.Release|Any CPU.Build.0 = Release|Any CPU
	EndGlobalSection
	GlobalSection(SolutionProperties) = preSolution
		HideSolutionNode = FALSE
	EndGlobalSection
	GlobalSection(ExtensibilityGlobals) = postSolution
		SolutionGuid = {C1375ADD-E7AD-4F1E-8867-63D3ADAFADA4}
	EndGlobalSection
EndGlobal
